
Microsoft Visual Studio Solution File, Format Version 12.00
# Visual Studio Version 17
VisualStudioVersion = 17.2.32526.322
MinimumVisualStudioVersion = 10.0.40219.1
Project("{FAE04EC0-301F-11D3-BF4B-00C04F79EFBC}") = "HashBook", "HashBook\HashBook.csproj", "{DFB6B75B-DF14-4DD9-A647-5E098B256C69}"
EndProject
Global
	GlobalSection(SolutionConfigurationPlatforms) = preSolution
		Debug|Any CPU = Debug|Any CPU
		Release|Any CPU = Release|Any CPU
	EndGlobalSection
	GlobalSection(ProjectConfigurationPlatforms) = postSolution
		{DFB6B75B-DF14-4DD9-A647-5E098B256C69}.Debug|Any CPU.ActiveCfg = Debug|Any CPU
		{DFB6B75B-DF14-4DD9-A647-5E098B256C69}.Debug|Any CPU.Build.0 = Debug|Any CPU
		{DFB6B75B-DF14-4DD9-A647-5E098B256C69}.Release|Any CPU.ActiveCfg = Release|Any CPU
		{DFB6B75B-DF14-4DD9-A647-5E098B256C69}.Release|Any CPU.Build.0 = Release|Any CPU
	EndGlobalSection
	GlobalSection(SolutionProperties) = preSolution
		HideSolutionNode = FALSE
	EndGlobalSection
	GlobalSection(ExtensibilityGlobals) = postSolution
		SolutionGuid = {00A7F656-C6C0-4ED6-910E-8CF5BD2F9E84}
	EndGlobalSection
EndGlobal
